<?xml version="1.0" encoding="utf-8"?>
<Project ToolsVersion="4.0" xmlns="http://schemas.microsoft.com/developer/msbuild/2003">
  <ItemGroup>
    <Filter Include="Fichiers sources">
      <UniqueIdentifier>{4FC737F1-C7A5-4376-A066-2A32D752A2FF}</UniqueIdentifier>
      <Extensions>cpp;c;cc;cxx;c++;cppm;ixx;def;odl;idl;hpj;bat;asm;asmx</Extensions>
    </Filter>
    <Filter Include="Fichiers d%27en-tête">
      <UniqueIdentifier>{93995380-89BD-4b04-88EB-625FBE52EBFB}</UniqueIdentifier>
      <Extensions>h;hh;hpp;hxx;h++;hm;inl;inc;ipp;xsd</Extensions>
    </Filter>
    <Filter Include="Fichiers de ressources">
      <UniqueIdentifier>{67DA6AB6-F800-4c08-8B7A-83BB121AAD01}</UniqueIdentifier>
      <Extensions>rc;ico;cur;bmp;dlg;rc2;rct;bin;rgs;gif;jpg;jpeg;jpe;resx;tiff;tif;png;wav;mfcribbon-ms</Extensions>
    </Filter>
    <Filter Include="Fichiers sources\Assets">
      <UniqueIdentifier>{7e12545f-3dfe-43b9-9659-ea171e5cb679}</UniqueIdentifier>
    </Filter>
    <Filter Include="Fichiers sources\Assets\Audio">
      <UniqueIdentifier>{5c5fd84a-ac5f-4cf1-8969-c1833dc239c8}</UniqueIdentifier>
    </Filter>
    <Filter Include="Fichiers sources\Assets\Font">
      <UniqueIdentifier>{2f01a626-fbf7-41cd-8e95-71b820af58f9}</UniqueIdentifier>
    </Filter>
    <Filter Include="Fichiers sources\Assets\Image">
      <UniqueIdentifier>{b1a20eaf-6b47-45c6-b018-082b66067bc6}</UniqueIdentifier>
    </Filter>
    <Filter Include="Fichiers sources\Assets\Image\Sprite">
      <UniqueIdentifier>{935517c8-00f8-4314-8955-b37c4d6dea19}</UniqueIdentifier>
    </Filter>
    <Filter Include="Fichiers sources\Assets\Audio\Music">
      <UniqueIdentifier>{40baede9-2457-4507-ba5e-02bf98b2d3cd}</UniqueIdentifier>
    </Filter>
  </ItemGroup>
  <ItemGroup>
    <ClCompile Include="Main.cpp">
      <Filter>Fichiers sources</Filter>
    </ClCompile>
    <ClCompile Include="Menu.cpp">
      <Filter>Fichiers sources</Filter>
    </ClCompile>
    <ClCompile Include="GameScene.cpp">
      <Filter>Fichiers sources</Filter>
    </ClCompile>
    <ClCompile Include="OptionScene.cpp">
      <Filter>Fichiers sources</Filter>
    </ClCompile>
    <ClCompile Include="Game.cpp">
      <Filter>Fichiers sources</Filter>
    </ClCompile>
  </ItemGroup>
  <ItemGroup>
    <Image Include="..\..\..\..\Downloads\BackGround_image0.jpeg">
      <Filter>Fichiers sources\Assets\Image</Filter>
    </Image>
    <Image Include="Assets\Image\Sprite\Soldier-Idle.png">
      <Filter>Fichiers sources\Assets\Image\Sprite</Filter>
    </Image>
  </ItemGroup>
  <ItemGroup>
    <Font Include="Assets\Font\MedievalMystery.ttf">
      <Filter>Fichiers sources\Assets\Font</Filter>
    </Font>
    <Font Include="Assets\Font\MedievalSharp-BoldOblique.ttf">
      <Filter>Fichiers sources\Assets\Font</Filter>
    </Font>
    <Font Include="Assets\Font\RansiteMedieval_PERSONAL_USE_ONLY.otf">
      <Filter>Fichiers sources\Assets\Font</Filter>
    </Font>
  </ItemGroup>
  <ItemGroup>
    <ClInclude Include="Menu.h">
      <Filter>Fichiers d%27en-tête</Filter>
    </ClInclude>
    <ClInclude Include="GameScene.h">
      <Filter>Fichiers d%27en-tête</Filter>
    </ClInclude>
    <ClInclude Include="OptionScene.h">
      <Filter>Fichiers d%27en-tête</Filter>
    </ClInclude>
    <ClInclude Include="Game.h">
      <Filter>Fichiers d%27en-tête</Filter>
    </ClInclude>
  </ItemGroup>
  <ItemGroup>
    <Media Include="..\..\..\..\Downloads\The knight journey main menu.mp3">
      <Filter>Fichiers sources\Assets\Audio\Music</Filter>
    </Media>
  </ItemGroup>
</Project>